
Microsoft Visual Studio Solution File, Format Version 12.00
# Visual Studio Version 17
VisualStudioVersion = 17.14.36401.2 d17.14
MinimumVisualStudioVersion = 10.0.40219.1
Project("{FAE04EC0-301F-11D3-BF4B-00C04F79EFBC}") = "WikiBackup", "WikiBackup.csproj", "{FFAFB819-0145-611D-0CC6-E49B23B6D3C6}"
EndProject
Global
	GlobalSection(SolutionConfigurationPlatforms) = preSolution
		Debug|Any CPU = Debug|Any CPU
		Release|Any CPU = Release|Any CPU
	EndGlobalSection
	GlobalSection(ProjectConfigurationPlatforms) = postSolution
		{FFAFB819-0145-611D-0CC6-E49B23B6D3C6}.Debug|Any CPU.ActiveCfg = Debug|Any CPU
		{FFAFB819-0145-611D-0CC6-E49B23B6D3C6}.Debug|Any CPU.Build.0 = Debug|Any CPU
		{FFAFB819-0145-611D-0CC6-E49B23B6D3C6}.Release|Any CPU.ActiveCfg = Release|Any CPU
		{FFAFB819-0145-611D-0CC6-E49B23B6D3C6}.Release|Any CPU.Build.0 = Release|Any CPU
	EndGlobalSection
	GlobalSection(SolutionProperties) = preSolution
		HideSolutionNode = FALSE
	EndGlobalSection
	GlobalSection(ExtensibilityGlobals) = postSolution
		SolutionGuid = {0121D489-446F-4B8D-99BE-55908B3478E7}
	EndGlobalSection
EndGlobal
